// !$*UTF8*$!
{
	archiveVersion = 1;
	classes = {
	};
	objectVersion = 77;
	objects = {

/* Begin PBXContainerItemProxy section */
		B321DD902D2CFD2200C503ED /* PBXContainerItemProxy */ = {
			isa = PBXContainerItemProxy;
			containerPortal = B321DD772D2CFD2000C503ED /* Project object */;
			proxyType = 1;
			remoteGlobalIDString = B321DD7E2D2CFD2000C503ED;
			remoteInfo = NavigationUsingStack;
		};
		B321DD9A2D2CFD2200C503ED /* PBXContainerItemProxy */ = {
			isa = PBXContainerItemProxy;
			containerPortal = B321DD772D2CFD2000C503ED /* Project object */;
			proxyType = 1;
			remoteGlobalIDString = B321DD7E2D2CFD2000C503ED;
			remoteInfo = NavigationUsingStack;
		};
/* End PBXContainerItemProxy section */

/* Begin PBXFileReference section */
		B321DD7F2D2CFD2000C503ED /* NavigationUsingStack.app */ = {isa = PBXFileReference; explicitFileType = wrapper.application; includeInIndex = 0; path = NavigationUsingStack.app; sourceTree = BUILT_PRODUCTS_DIR; };
		B321DD8F2D2CFD2200C503ED /* NavigationUsingStackTests.xctest */ = {isa = PBXFileReference; explicitFileType = wrapper.cfbundle; includeInIndex = 0; path = NavigationUsingStackTests.xctest; sourceTree = BUILT_PRODUCTS_DIR; };
		B321DD992D2CFD2200C503ED /* NavigationUsingStackUITests.xctest */ = {isa = PBXFileReference; explicitFileType = wrapper.cfbundle; includeInIndex = 0; path = NavigationUsingStackUITests.xctest; sourceTree = BUILT_PRODUCTS_DIR; };
/* End PBXFileReference section */

/* Begin PBXFileSystemSynchronizedBuildFileExceptionSet section */
		B36BE8092D2FE301008CCCAF /* Exceptions for "NavigationUsingStack" folder in "NavigationUsingStack" target */ = {
			isa = PBXFileSystemSynchronizedBuildFileExceptionSet;
			membershipExceptions = (
				Info.plist,
			);
			target = B321DD7E2D2CFD2000C503ED /* NavigationUsingStack */;
		};
/* End PBXFileSystemSynchronizedBuildFileExceptionSet section */

/* Begin PBXFileSystemSynchronizedRootGroup section */
		B321DD812D2CFD2000C503ED /* NavigationUsingStack */ = {
			isa = PBXFileSystemSynchronizedRootGroup;
			exceptions = (
				B36BE8092D2FE301008CCCAF /* Exceptions for "NavigationUsingStack" folder in "NavigationUsingStack" target */,
			);
			path = NavigationUsingStack;
			sourceTree = "<group>";
		};
		B321DD922D2CFD2200C503ED /* NavigationUsingStackTests */ = {
			isa = PBXFileSystemSynchronizedRootGroup;
			path = NavigationUsingStackTests;
			sourceTree = "<group>";
		};
		B321DD9C2D2CFD2200C503ED /* NavigationUsingStackUITests */ = {
			isa = PBXFileSystemSynchronizedRootGroup;
			path = NavigationUsingStackUITests;
			sourceTree = "<group>";
		};
/* End PBXFileSystemSynchronizedRootGroup section */

/* Begin PBXFrameworksBuildPhase section */
		B321DD7C2D2CFD2000C503ED /* Frameworks */ = {
			isa = PBXFrameworksBuildPhase;
			buildActionMask = 2147483647;
			files = (
			);
			runOnlyForDeploymentPostprocessing = 0;
		};
		B321DD8C2D2CFD2200C503ED /* Frameworks */ = {
			isa = PBXFrameworksBuildPhase;
			buildActionMask = 2147483647;
			files = (
			);
			runOnlyForDeploymentPostprocessing = 0;
		};
		B321DD962D2CFD2200C503ED /* Frameworks */ = {
			isa = PBXFrameworksBuildPhase;
			buildActionMask = 2147483647;
			files = (
			);
			runOnlyForDeploymentPostprocessing = 0;
		};
/* End PBXFrameworksBuildPhase section */

/* Begin PBXGroup section */
		B321DD762D2CFD2000C503ED = {
			isa = PBXGroup;
			children = (
				B321DD812D2CFD2000C503ED /* NavigationUsingStack */,
				B321DD922D2CFD2200C503ED /* NavigationUsingStackTests */,
				B321DD9C2D2CFD2200C503ED /* NavigationUsingStackUITests */,
				B321DD802D2CFD2000C503ED /* Products */,
			);
			sourceTree = "<group>";
		};
		B321DD802D2CFD2000C503ED /* Products */ = {
			isa = PBXGroup;
			children = (
				B321DD7F2D2CFD2000C503ED /* NavigationUsingStack.app */,
				B321DD8F2D2CFD2200C503ED /* NavigationUsingStackTests.xctest */,
				B321DD992D2CFD2200C503ED /* NavigationUsingStackUITests.xctest */,
			);
			name = Products;
			sourceTree = "<group>";
		};
/* End PBXGroup section */

/* Begin PBXNativeTarget section */
		B321DD7E2D2CFD2000C503ED /* NavigationUsingStack */ = {
			isa = PBXNativeTarget;
			buildConfigurationList = B321DDA32D2CFD2200C503ED /* Build configuration list for PBXNativeTarget "NavigationUsingStack" */;
			buildPhases = (
				B321DD7B2D2CFD2000C503ED /* Sources */,
				B321DD7C2D2CFD2000C503ED /* Frameworks */,
				B321DD7D2D2CFD2000C503ED /* Resources */,
			);
			buildRules = (
			);
			dependencies = (
			);
			fileSystemSynchronizedGroups = (
				B321DD812D2CFD2000C503ED /* NavigationUsingStack */,
			);
			name = NavigationUsingStack;
			packageProductDependencies = (
			);
			productName = NavigationUsingStack;
			productReference = B321DD7F2D2CFD2000C503ED /* NavigationUsingStack.app */;
			productType = "com.apple.product-type.application";
		};
		B321DD8E2D2CFD2200C503ED /* NavigationUsingStackTests */ = {
			isa = PBXNativeTarget;
			buildConfigurationList = B321DDA62D2CFD2200C503ED /* Build configuration list for PBXNativeTarget "NavigationUsingStackTests" */;
			buildPhases = (
				B321DD8B2D2CFD2200C503ED /* Sources */,
				B321DD8C2D2CFD2200C503ED /* Frameworks */,
				B321DD8D2D2CFD2200C503ED /* Resources */,
			);
			buildRules = (
			);
			dependencies = (
				B321DD912D2CFD2200C503ED /* PBXTargetDependency */,
			);
			fileSystemSynchronizedGroups = (
				B321DD922D2CFD2200C503ED /* NavigationUsingStackTests */,
			);
			name = NavigationUsingStackTests;
			packageProductDependencies = (
			);
			productName = NavigationUsingStackTests;
			productReference = B321DD8F2D2CFD2200C503ED /* NavigationUsingStackTests.xctest */;
			productType = "com.apple.product-type.bundle.unit-test";
		};
		B321DD982D2CFD2200C503ED /* NavigationUsingStackUITests */ = {
			isa = PBXNativeTarget;
			buildConfigurationList = B321DDA92D2CFD2200C503ED /* Build configuration list for PBXNativeTarget "NavigationUsingStackUITests" */;
			buildPhases = (
				B321DD952D2CFD2200C503ED /* Sources */,
				B321DD962D2CFD2200C503ED /* Frameworks */,
				B321DD972D2CFD2200C503ED /* Resources */,
			);
			buildRules = (
			);
			dependencies = (
				B321DD9B2D2CFD2200C503ED /* PBXTargetDependency */,
			);
			fileSystemSynchronizedGroups = (
				B321DD9C2D2CFD2200C503ED /* NavigationUsingStackUITests */,
			);
			name = NavigationUsingStackUITests;
			packageProductDependencies = (
			);
			productName = NavigationUsingStackUITests;
			productReference = B321DD992D2CFD2200C503ED /* NavigationUsingStackUITests.xctest */;
			productType = "com.apple.product-type.bundle.ui-testing";
		};
/* End PBXNativeTarget section */

/* Begin PBXProject section */
		B321DD772D2CFD2000C503ED /* Project object */ = {
			isa = PBXProject;
			attributes = {
				BuildIndependentTargetsInParallel = 1;
				LastSwiftUpdateCheck = 1620;
				LastUpgradeCheck = 1620;
				TargetAttributes = {
					B321DD7E2D2CFD2000C503ED = {
						CreatedOnToolsVersion = 16.2;
					};
					B321DD8E2D2CFD2200C503ED = {
						CreatedOnToolsVersion = 16.2;
						TestTargetID = B321DD7E2D2CFD2000C503ED;
					};
					B321DD982D2CFD2200C503ED = {
						CreatedOnToolsVersion = 16.2;
						TestTargetID = B321DD7E2D2CFD2000C503ED;
					};
				};
			};
			buildConfigurationList = B321DD7A2D2CFD2000C503ED /* Build configuration list for PBXProject "NavigationUsingStack" */;
			developmentRegion = en;
			hasScannedForEncodings = 0;
			knownRegions = (
				en,
				Base,
			);
			mainGroup = B321DD762D2CFD2000C503ED;
			minimizedProjectReferenceProxies = 1;
			preferredProjectObjectVersion = 77;
			productRefGroup = B321DD802D2CFD2000C503ED /* Products */;
			projectDirPath = "";
			projectRoot = "";
			targets = (
				B321DD7E2D2CFD2000C503ED /* NavigationUsingStack */,
				B321DD8E2D2CFD2200C503ED /* NavigationUsingStackTests */,
				B321DD982D2CFD2200C503ED /* NavigationUsingStackUITests */,
			);
		};
/* End PBXProject section */

/* Begin PBXResourcesBuildPhase section */
		B321DD7D2D2CFD2000C503ED /* Resources */ = {
			isa = PBXResourcesBuildPhase;
			buildActionMask = 2147483647;
			files = (
			);
			runOnlyForDeploymentPostprocessing = 0;
		};
		B321DD8D2D2CFD2200C503ED /* Resources */ = {
			isa = PBXResourcesBuildPhase;
			buildActionMask = 2147483647;
			files = (
			);
			runOnlyForDeploymentPostprocessing = 0;
		};
		B321DD972D2CFD2200C503ED /* Resources */ = {
			isa = PBXResourcesBuildPhase;
			buildActionMask = 2147483647;
			files = (
			);
			runOnlyForDeploymentPostprocessing = 0;
		};
/* End PBXResourcesBuildPhase section */

/* Begin PBXSourcesBuildPhase section */
		B321DD7B2D2CFD2000C503ED /* Sources */ = {
			isa = PBXSourcesBuildPhase;
			buildActionMask = 2147483647;
			files = (
			);
			runOnlyForDeploymentPostprocessing = 0;
		};
		B321DD8B2D2CFD2200C503ED /* Sources */ = {
			isa = PBXSourcesBuildPhase;
			buildActionMask = 2147483647;
			files = (
			);
			runOnlyForDeploymentPostprocessing = 0;
		};
		B321DD952D2CFD2200C503ED /* Sources */ = {
			isa = PBXSourcesBuildPhase;
			buildActionMask = 2147483647;
			files = (
			);
			runOnlyForDeploymentPostprocessing = 0;
		};
/* End PBXSourcesBuildPhase section */

/* Begin PBXTargetDependency section */
		B321DD912D2CFD2200C503ED /* PBXTargetDependency */ = {
			isa = PBXTargetDependency;
			target = B321DD7E2D2CFD2000C503ED /* NavigationUsingStack */;
			targetProxy = B321DD902D2CFD2200C503ED /* PBXContainerItemProxy */;
		};
		B321DD9B2D2CFD2200C503ED /* PBXTargetDependency */ = {
			isa = PBXTargetDependency;
			target = B321DD7E2D2CFD2000C503ED /* NavigationUsingStack */;
			targetProxy = B321DD9A2D2CFD2200C503ED /* PBXContainerItemProxy */;
		};
/* End PBXTargetDependency section */

/* Begin XCBuildConfiguration section */
		B321DDA12D2CFD2200C503ED /* Debug */ = {
			isa = XCBuildConfiguration;
			buildSettings = {
				ALWAYS_SEARCH_USER_PATHS = NO;
				ASSETCATALOG_COMPILER_GENERATE_SWIFT_ASSET_SYMBOL_EXTENSIONS = YES;
				CLANG_ANALYZER_NONNULL = YES;
				CLANG_ANALYZER_NUMBER_OBJECT_CONVERSION = YES_AGGRESSIVE;
				CLANG_CXX_LANGUAGE_STANDARD = "gnu++20";
				CLANG_ENABLE_MODULES = YES;
				CLANG_ENABLE_OBJC_ARC = YES;
				CLANG_ENABLE_OBJC_WEAK = YES;
				CLANG_WARN_BLOCK_CAPTURE_AUTORELEASING = YES;
				CLANG_WARN_BOOL_CONVERSION = YES;
				CLANG_WARN_COMMA = YES;
				CLANG_WARN_CONSTANT_CONVERSION = YES;
				CLANG_WARN_DEPRECATED_OBJC_IMPLEMENTATIONS = YES;
				CLANG_WARN_DIRECT_OBJC_ISA_USAGE = YES_ERROR;
				CLANG_WARN_DOCUMENTATION_COMMENTS = YES;
				CLANG_WARN_EMPTY_BODY = YES;
				CLANG_WARN_ENUM_CONVERSION = YES;
				CLANG_WARN_INFINITE_RECURSION = YES;
				CLANG_WARN_INT_CONVERSION = YES;
				CLANG_WARN_NON_LITERAL_NULL_CONVERSION = YES;
				CLANG_WARN_OBJC_IMPLICIT_RETAIN_SELF = YES;
				CLANG_WARN_OBJC_LITERAL_CONVERSION = YES;
				CLANG_WARN_OBJC_ROOT_CLASS = YES_ERROR;
				CLANG_WARN_QUOTED_INCLUDE_IN_FRAMEWORK_HEADER = YES;
				CLANG_WARN_RANGE_LOOP_ANALYSIS = YES;
				CLANG_WARN_STRICT_PROTOTYPES = YES;
				CLANG_WARN_SUSPICIOUS_MOVE = YES;
				CLANG_WARN_UNGUARDED_AVAILABILITY = YES_AGGRESSIVE;
				CLANG_WARN_UNREACHABLE_CODE = YES;
				CLANG_WARN__DUPLICATE_METHOD_MATCH = YES;
				COPY_PHASE_STRIP = NO;
				DEBUG_INFORMATION_FORMAT = dwarf;
				ENABLE_STRICT_OBJC_MSGSEND = YES;
				ENABLE_TESTABILITY = YES;
				ENABLE_USER_SCRIPT_SANDBOXING = YES;
				GCC_C_LANGUAGE_STANDARD = gnu17;
				GCC_DYNAMIC_NO_PIC = NO;
				GCC_NO_COMMON_BLOCKS = YES;
				GCC_OPTIMIZATION_LEVEL = 0;
				GCC_PREPROCESSOR_DEFINITIONS = (
					"DEBUG=1",
					"$(inherited)",
				);
				GCC_WARN_64_TO_32_BIT_CONVERSION = YES;
				GCC_WARN_ABOUT_RETURN_TYPE = YES_ERROR;
				GCC_WARN_UNDECLARED_SELECTOR = YES;
				GCC_WARN_UNINITIALIZED_AUTOS = YES_AGGRESSIVE;
				GCC_WARN_UNUSED_FUNCTION = YES;
				GCC_WARN_UNUSED_VARIABLE = YES;
				IPHONEOS_DEPLOYMENT_TARGET = 18.2;
				LOCALIZATION_PREFERS_STRING_CATALOGS = YES;
				MTL_ENABLE_DEBUG_INFO = INCLUDE_SOURCE;
				MTL_FAST_MATH = YES;
				ONLY_ACTIVE_ARCH = YES;
				SDKROOT = iphoneos;
				SWIFT_ACTIVE_COMPILATION_CONDITIONS = "DEBUG $(inherited)";
				SWIFT_OPTIMIZATION_LEVEL = "-Onone";
			};
			name = Debug;
		};
		B321DDA22D2CFD2200C503ED /* Release */ = {
			isa = XCBuildConfiguration;
			buildSettings = {
				ALWAYS_SEARCH_USER_PATHS = NO;
				ASSETCATALOG_COMPILER_GENERATE_SWIFT_ASSET_SYMBOL_EXTENSIONS = YES;
				CLANG_ANALYZER_NONNULL = YES;
				CLANG_ANALYZER_NUMBER_OBJECT_CONVERSION = YES_AGGRESSIVE;
				CLANG_CXX_LANGUAGE_STANDARD = "gnu++20";
				CLANG_ENABLE_MODULES = YES;
				CLANG_ENABLE_OBJC_ARC = YES;
				CLANG_ENABLE_OBJC_WEAK = YES;
				CLANG_WARN_BLOCK_CAPTURE_AUTORELEASING = YES;
				CLANG_WARN_BOOL_CONVERSION = YES;
				CLANG_WARN_COMMA = YES;
				CLANG_WARN_CONSTANT_CONVERSION = YES;
				CLANG_WARN_DEPRECATED_OBJC_IMPLEMENTATIONS = YES;
				CLANG_WARN_DIRECT_OBJC_ISA_USAGE = YES_ERROR;
				CLANG_WARN_DOCUMENTATION_COMMENTS = YES;
				CLANG_WARN_EMPTY_BODY = YES;
				CLANG_WARN_ENUM_CONVERSION = YES;
				CLANG_WARN_INFINITE_RECURSION = YES;
				CLANG_WARN_INT_CONVERSION = YES;
				CLANG_WARN_NON_LITERAL_NULL_CONVERSION = YES;
				CLANG_WARN_OBJC_IMPLICIT_RETAIN_SELF = YES;
				CLANG_WARN_OBJC_LITERAL_CONVERSION = YES;
				CLANG_WARN_OBJC_ROOT_CLASS = YES_ERROR;
				CLANG_WARN_QUOTED_INCLUDE_IN_FRAMEWORK_HEADER = YES;
				CLANG_WARN_RANGE_LOOP_ANALYSIS = YES;
				CLANG_WARN_STRICT_PROTOTYPES = YES;
				CLANG_WARN_SUSPICIOUS_MOVE = YES;
				CLANG_WARN_UNGUARDED_AVAILABILITY = YES_AGGRESSIVE;
				CLANG_WARN_UNREACHABLE_CODE = YES;
				CLANG_WARN__DUPLICATE_METHOD_MATCH = YES;
				COPY_PHASE_STRIP = NO;
				DEBUG_INFORMATION_FORMAT = "dwarf-with-dsym";
				ENABLE_NS_ASSERTIONS = NO;
				ENABLE_STRICT_OBJC_MSGSEND = YES;
				ENABLE_USER_SCRIPT_SANDBOXING = YES;
				GCC_C_LANGUAGE_STANDARD = gnu17;
				GCC_NO_COMMON_BLOCKS = YES;
				GCC_WARN_64_TO_32_BIT_CONVERSION = YES;
				GCC_WARN_ABOUT_RETURN_TYPE = YES_ERROR;
				GCC_WARN_UNDECLARED_SELECTOR = YES;
				GCC_WARN_UNINITIALIZED_AUTOS = YES_AGGRESSIVE;
				GCC_WARN_UNUSED_FUNCTION = YES;
				GCC_WARN_UNUSED_VARIABLE = YES;
				IPHONEOS_DEPLOYMENT_TARGET = 18.2;
				LOCALIZATION_PREFERS_STRING_CATALOGS = YES;
				MTL_ENABLE_DEBUG_INFO = NO;
				MTL_FAST_MATH = YES;
				SDKROOT = iphoneos;
				SWIFT_COMPILATION_MODE = wholemodule;
				VALIDATE_PRODUCT = YES;
			};
			name = Release;
		};
		B321DDA42D2CFD2200C503ED /* Debug */ = {
			isa = XCBuildConfiguration;
			buildSettings = {
				ASSETCATALOG_COMPILER_APPICON_NAME = AppIcon;
				ASSETCATALOG_COMPILER_GLOBAL_ACCENT_COLOR_NAME = AccentColor;
				CODE_SIGN_STYLE = Automatic;
				CURRENT_PROJECT_VERSION = 1;
				DEVELOPMENT_ASSET_PATHS = "\"NavigationUsingStack/Preview Content\"";
				DEVELOPMENT_TEAM = P74DXMN9DU;
				ENABLE_PREVIEWS = YES;
				GENERATE_INFOPLIST_FILE = YES;
				INFOPLIST_FILE = NavigationUsingStack/Info.plist;
				INFOPLIST_KEY_UIApplicationSceneManifest_Generation = YES;
				INFOPLIST_KEY_UIApplicationSupportsIndirectInputEvents = YES;
				INFOPLIST_KEY_UILaunchScreen_Generation = YES;
				INFOPLIST_KEY_UISupportedInterfaceOrientations_iPad = "UIInterfaceOrientationPortrait UIInterfaceOrientationPortraitUpsideDown UIInterfaceOrientationLandscapeLeft UIInterfaceOrientationLandscapeRight";
				INFOPLIST_KEY_UISupportedInterfaceOrientations_iPhone = "UIInterfaceOrientationPortrait UIInterfaceOrientationLandscapeLeft UIInterfaceOrientationLandscapeRight";
				LD_RUNPATH_SEARCH_PATHS = (
					"$(inherited)",
					"@executable_path/Frameworks",
				);
				MARKETING_VERSION = 1.0;
				PRODUCT_BUNDLE_IDENTIFIER = com.sampleKit.NavigationUsingStack;
				PRODUCT_NAME = "$(TARGET_NAME)";
				SWIFT_EMIT_LOC_STRINGS = YES;
				SWIFT_VERSION = 5.0;
				TARGETED_DEVICE_FAMILY = "1,2";
			};
			name = Debug;
		};
		B321DDA52D2CFD2200C503ED /* Release */ = {
			isa = XCBuildConfiguration;
			buildSettings = {
				ASSETCATALOG_COMPILER_APPICON_NAME = AppIcon;
				ASSETCATALOG_COMPILER_GLOBAL_ACCENT_COLOR_NAME = AccentColor;
				CODE_SIGN_STYLE = Automatic;
				CURRENT_PROJECT_VERSION = 1;
				DEVELOPMENT_ASSET_PATHS = "\"NavigationUsingStack/Preview Content\"";
				DEVELOPMENT_TEAM = P74DXMN9DU;
				ENABLE_PREVIEWS = YES;
				GENERATE_INFOPLIST_FILE = YES;
				INFOPLIST_FILE = NavigationUsingStack/Info.plist;
				INFOPLIST_KEY_UIApplicationSceneManifest_Generation = YES;
				INFOPLIST_KEY_UIApplicationSupportsIndirectInputEvents = YES;
				INFOPLIST_KEY_UILaunchScreen_Generation = YES;
				INFOPLIST_KEY_UISupportedInterfaceOrientations_iPad = "UIInterfaceOrientationPortrait UIInterfaceOrientationPortraitUpsideDown UIInterfaceOrientationLandscapeLeft UIInterfaceOrientationLandscapeRight";
				INFOPLIST_KEY_UISupportedInterfaceOrientations_iPhone = "UIInterfaceOrientationPortrait UIInterfaceOrientationLandscapeLeft UIInterfaceOrientationLandscapeRight";
				LD_RUNPATH_SEARCH_PATHS = (
					"$(inherited)",
					"@executable_path/Frameworks",
				);
				MARKETING_VERSION = 1.0;
				PRODUCT_BUNDLE_IDENTIFIER = com.sampleKit.NavigationUsingStack;
				PRODUCT_NAME = "$(TARGET_NAME)";
				SWIFT_EMIT_LOC_STRINGS = YES;
				SWIFT_VERSION = 5.0;
				TARGETED_DEVICE_FAMILY = "1,2";
			};
			name = Release;
		};
		B321DDA72D2CFD2200C503ED /* Debug */ = {
			isa = XCBuildConfiguration;
			buildSettings = {
				BUNDLE_LOADER = "$(TEST_HOST)";
				CODE_SIGN_STYLE = Automatic;
				CURRENT_PROJECT_VERSION = 1;
				DEVELOPMENT_TEAM = P74DXMN9DU;
				GENERATE_INFOPLIST_FILE = YES;
				IPHONEOS_DEPLOYMENT_TARGET = 18.2;
				MARKETING_VERSION = 1.0;
				PRODUCT_BUNDLE_IDENTIFIER = com.sampleKit.NavigationUsingStackTests;
				PRODUCT_NAME = "$(TARGET_NAME)";
				SWIFT_EMIT_LOC_STRINGS = NO;
				SWIFT_VERSION = 5.0;
				TARGETED_DEVICE_FAMILY = "1,2";
				TEST_HOST = "$(BUILT_PRODUCTS_DIR)/NavigationUsingStack.app/$(BUNDLE_EXECUTABLE_FOLDER_PATH)/NavigationUsingStack";
			};
			name = Debug;
		};
		B321DDA82D2CFD2200C503ED /* Release */ = {
			isa = XCBuildConfiguration;
			buildSettings = {
				BUNDLE_LOADER = "$(TEST_HOST)";
				CODE_SIGN_STYLE = Automatic;
				CURRENT_PROJECT_VERSION = 1;
				DEVELOPMENT_TEAM = P74DXMN9DU;
				GENERATE_INFOPLIST_FILE = YES;
				IPHONEOS_DEPLOYMENT_TARGET = 18.2;
				MARKETING_VERSION = 1.0;
				PRODUCT_BUNDLE_IDENTIFIER = com.sampleKit.NavigationUsingStackTests;
				PRODUCT_NAME = "$(TARGET_NAME)";
				SWIFT_EMIT_LOC_STRINGS = NO;
				SWIFT_VERSION = 5.0;
				TARGETED_DEVICE_FAMILY = "1,2";
				TEST_HOST = "$(BUILT_PRODUCTS_DIR)/NavigationUsingStack.app/$(BUNDLE_EXECUTABLE_FOLDER_PATH)/NavigationUsingStack";
			};
			name = Release;
		};
		B321DDAA2D2CFD2200C503ED /* Debug */ = {
			isa = XCBuildConfiguration;
			buildSettings = {
				CODE_SIGN_STYLE = Automatic;
				CURRENT_PROJECT_VERSION = 1;
				DEVELOPMENT_TEAM = P74DXMN9DU;
				GENERATE_INFOPLIST_FILE = YES;
				MARKETING_VERSION = 1.0;
				PRODUCT_BUNDLE_IDENTIFIER = com.sampleKit.NavigationUsingStackUITests;
				PRODUCT_NAME = "$(TARGET_NAME)";
				SWIFT_EMIT_LOC_STRINGS = NO;
				SWIFT_VERSION = 5.0;
				TARGETED_DEVICE_FAMILY = "1,2";
				TEST_TARGET_NAME = NavigationUsingStack;
			};
			name = Debug;
		};
		B321DDAB2D2CFD2200C503ED /* Release */ = {
			isa = XCBuildConfiguration;
			buildSettings = {
				CODE_SIGN_STYLE = Automatic;
				CURRENT_PROJECT_VERSION = 1;
				DEVELOPMENT_TEAM = P74DXMN9DU;
				GENERATE_INFOPLIST_FILE = YES;
				MARKETING_VERSION = 1.0;
				PRODUCT_BUNDLE_IDENTIFIER = com.sampleKit.NavigationUsingStackUITests;
				PRODUCT_NAME = "$(TARGET_NAME)";
				SWIFT_EMIT_LOC_STRINGS = NO;
				SWIFT_VERSION = 5.0;
				TARGETED_DEVICE_FAMILY = "1,2";
				TEST_TARGET_NAME = NavigationUsingStack;
			};
			name = Release;
		};
/* End XCBuildConfiguration section */

/* Begin XCConfigurationList section */
		B321DD7A2D2CFD2000C503ED /* Build configuration list for PBXProject "NavigationUsingStack" */ = {
			isa = XCConfigurationList;
			buildConfigurations = (
				B321DDA12D2CFD2200C503ED /* Debug */,
				B321DDA22D2CFD2200C503ED /* Release */,
			);
			defaultConfigurationIsVisible = 0;
			defaultConfigurationName = Release;
		};
		B321DDA32D2CFD2200C503ED /* Build configuration list for PBXNativeTarget "NavigationUsingStack" */ = {
			isa = XCConfigurationList;
			buildConfigurations = (
				B321DDA42D2CFD2200C503ED /* Debug */,
				B321DDA52D2CFD2200C503ED /* Release */,
			);
			defaultConfigurationIsVisible = 0;
			defaultConfigurationName = Release;
		};
		B321DDA62D2CFD2200C503ED /* Build configuration list for PBXNativeTarget "NavigationUsingStackTests" */ = {
			isa = XCConfigurationList;
			buildConfigurations = (
				B321DDA72D2CFD2200C503ED /* Debug */,
				B321DDA82D2CFD2200C503ED /* Release */,
			);
			defaultConfigurationIsVisible = 0;
			defaultConfigurationName = Release;
		};
		B321DDA92D2CFD2200C503ED /* Build configuration list for PBXNativeTarget "NavigationUsingStackUITests" */ = {
			isa = XCConfigurationList;
			buildConfigurations = (
				B321DDAA2D2CFD2200C503ED /* Debug */,
				B321DDAB2D2CFD2200C503ED /* Release */,
			);
			defaultConfigurationIsVisible = 0;
			defaultConfigurationName = Release;
		};
/* End XCConfigurationList section */
	};
	rootObject = B321DD772D2CFD2000C503ED /* Project object */;
}
